category: Model Operations
description: >-
  Get a list of all available OpenAI models.
title: List Models
apiNamespace: openai
apiOperationId: listModels
displayNamespace: openai
displayOperationId: listModelsBlock
outputs:
  models:
    scripts:
      jsonata: data
    type: object
  object:
    hidden: true
  data:
    hidden: true
